
Microsoft Visual Studio Solution File, Format Version 12.00
# Visual Studio Version 17
VisualStudioVersion = 17.3.32811.315
MinimumVisualStudioVersion = 10.0.40219.1
Project("{9A19103F-16F7-4668-BE54-9A1E7A4F7556}") = "Weather forecast", "Weather forecast.csproj", "{913B3C87-0819-4DD3-AA19-DB284BF781D0}"
EndProject
Project("{9A19103F-16F7-4668-BE54-9A1E7A4F7556}") = "Age verification", "..\Age verification\Age verification.csproj", "{4AD8C21D-EDB6-4B06-8686-170501F14793}"
EndProject
Project("{9A19103F-16F7-4668-BE54-9A1E7A4F7556}") = "age verification.tern", "..\age verification.tern\age verification.tern.csproj", "{E3B241DB-C4C9-47BA-8BFF-C6BAD2A9C959}"
EndProject
Project("{9A19103F-16F7-4668-BE54-9A1E7A4F7556}") = "Calculator", "..\Calculator\Calculator.csproj", "{B8B0F62B-1D19-4974-99A6-D6109A703654}"
EndProject
Project("{9A19103F-16F7-4668-BE54-9A1E7A4F7556}") = "Rectangle", "..\Rectangle\Rectangle.csproj", "{76BEA2E3-6984-4B4B-B6B7-7B3C6E570D30}"
EndProject
Project("{9A19103F-16F7-4668-BE54-9A1E7A4F7556}") = "Triangle", "..\Triangle\Triangle.csproj", "{7478277A-86F5-43FA-A7CB-0F54BED2EDEC}"
EndProject
Project("{FAE04EC0-301F-11D3-BF4B-00C04F79EFBC}") = "Season of year", "..\Season of year\Season of year.csproj", "{D77057AF-1291-4EB0-824D-78F12DEE3CD1}"
EndProject
Global
	GlobalSection(SolutionConfigurationPlatforms) = preSolution
		Debug|Any CPU = Debug|Any CPU
		Release|Any CPU = Release|Any CPU
	EndGlobalSection
	GlobalSection(ProjectConfigurationPlatforms) = postSolution
		{913B3C87-0819-4DD3-AA19-DB284BF781D0}.Debug|Any CPU.ActiveCfg = Debug|Any CPU
		{913B3C87-0819-4DD3-AA19-DB284BF781D0}.Debug|Any CPU.Build.0 = Debug|Any CPU
		{913B3C87-0819-4DD3-AA19-DB284BF781D0}.Release|Any CPU.ActiveCfg = Release|Any CPU
		{913B3C87-0819-4DD3-AA19-DB284BF781D0}.Release|Any CPU.Build.0 = Release|Any CPU
		{4AD8C21D-EDB6-4B06-8686-170501F14793}.Debug|Any CPU.ActiveCfg = Debug|Any CPU
		{4AD8C21D-EDB6-4B06-8686-170501F14793}.Debug|Any CPU.Build.0 = Debug|Any CPU
		{4AD8C21D-EDB6-4B06-8686-170501F14793}.Release|Any CPU.ActiveCfg = Release|Any CPU
		{4AD8C21D-EDB6-4B06-8686-170501F14793}.Release|Any CPU.Build.0 = Release|Any CPU
		{E3B241DB-C4C9-47BA-8BFF-C6BAD2A9C959}.Debug|Any CPU.ActiveCfg = Debug|Any CPU
		{E3B241DB-C4C9-47BA-8BFF-C6BAD2A9C959}.Debug|Any CPU.Build.0 = Debug|Any CPU
		{E3B241DB-C4C9-47BA-8BFF-C6BAD2A9C959}.Release|Any CPU.ActiveCfg = Release|Any CPU
		{E3B241DB-C4C9-47BA-8BFF-C6BAD2A9C959}.Release|Any CPU.Build.0 = Release|Any CPU
		{B8B0F62B-1D19-4974-99A6-D6109A703654}.Debug|Any CPU.ActiveCfg = Debug|Any CPU
		{B8B0F62B-1D19-4974-99A6-D6109A703654}.Debug|Any CPU.Build.0 = Debug|Any CPU
		{B8B0F62B-1D19-4974-99A6-D6109A703654}.Release|Any CPU.ActiveCfg = Release|Any CPU
		{B8B0F62B-1D19-4974-99A6-D6109A703654}.Release|Any CPU.Build.0 = Release|Any CPU
		{76BEA2E3-6984-4B4B-B6B7-7B3C6E570D30}.Debug|Any CPU.ActiveCfg = Debug|Any CPU
		{76BEA2E3-6984-4B4B-B6B7-7B3C6E570D30}.Debug|Any CPU.Build.0 = Debug|Any CPU
		{76BEA2E3-6984-4B4B-B6B7-7B3C6E570D30}.Release|Any CPU.ActiveCfg = Release|Any CPU
		{76BEA2E3-6984-4B4B-B6B7-7B3C6E570D30}.Release|Any CPU.Build.0 = Release|Any CPU
		{7478277A-86F5-43FA-A7CB-0F54BED2EDEC}.Debug|Any CPU.ActiveCfg = Debug|Any CPU
		{7478277A-86F5-43FA-A7CB-0F54BED2EDEC}.Debug|Any CPU.Build.0 = Debug|Any CPU
		{7478277A-86F5-43FA-A7CB-0F54BED2EDEC}.Release|Any CPU.ActiveCfg = Release|Any CPU
		{7478277A-86F5-43FA-A7CB-0F54BED2EDEC}.Release|Any CPU.Build.0 = Release|Any CPU
		{D77057AF-1291-4EB0-824D-78F12DEE3CD1}.Debug|Any CPU.ActiveCfg = Debug|Any CPU
		{D77057AF-1291-4EB0-824D-78F12DEE3CD1}.Debug|Any CPU.Build.0 = Debug|Any CPU
		{D77057AF-1291-4EB0-824D-78F12DEE3CD1}.Release|Any CPU.ActiveCfg = Release|Any CPU
		{D77057AF-1291-4EB0-824D-78F12DEE3CD1}.Release|Any CPU.Build.0 = Release|Any CPU
	EndGlobalSection
	GlobalSection(SolutionProperties) = preSolution
		HideSolutionNode = FALSE
	EndGlobalSection
	GlobalSection(ExtensibilityGlobals) = postSolution
		SolutionGuid = {94DB0E85-6340-49FB-964F-11461288D4C6}
	EndGlobalSection
EndGlobal
