
Microsoft Visual Studio Solution File, Format Version 12.00
# Visual Studio Version 17
VisualStudioVersion = 17.3.32811.315
MinimumVisualStudioVersion = 10.0.40219.1
Project("{FAE04EC0-301F-11D3-BF4B-00C04F79EFBC}") = "age verification.tern", "age verification.tern.csproj", "{536C27A6-C950-4DF6-A677-A7BE9DA557DB}"
EndProject
Global
	GlobalSection(SolutionConfigurationPlatforms) = preSolution
		Debug|Any CPU = Debug|Any CPU
		Release|Any CPU = Release|Any CPU
	EndGlobalSection
	GlobalSection(ProjectConfigurationPlatforms) = postSolution
		{536C27A6-C950-4DF6-A677-A7BE9DA557DB}.Debug|Any CPU.ActiveCfg = Debug|Any CPU
		{536C27A6-C950-4DF6-A677-A7BE9DA557DB}.Debug|Any CPU.Build.0 = Debug|Any CPU
		{536C27A6-C950-4DF6-A677-A7BE9DA557DB}.Release|Any CPU.ActiveCfg = Release|Any CPU
		{536C27A6-C950-4DF6-A677-A7BE9DA557DB}.Release|Any CPU.Build.0 = Release|Any CPU
	EndGlobalSection
	GlobalSection(SolutionProperties) = preSolution
		HideSolutionNode = FALSE
	EndGlobalSection
	GlobalSection(ExtensibilityGlobals) = postSolution
		SolutionGuid = {358B96AF-B93A-42D8-9D06-ECC12004BF28}
	EndGlobalSection
EndGlobal
