
Microsoft Visual Studio Solution File, Format Version 12.00
# Visual Studio Version 17
VisualStudioVersion = 17.6.33815.320
MinimumVisualStudioVersion = 10.0.40219.1
Project("{FAE04EC0-301F-11D3-BF4B-00C04F79EFBC}") = "AnimalEat", "AnimalEat.csproj", "{B5141BB6-8D7D-4320-A582-B5D8BEE8A08A}"
EndProject
Global
	GlobalSection(SolutionConfigurationPlatforms) = preSolution
		Debug|Any CPU = Debug|Any CPU
		Release|Any CPU = Release|Any CPU
	EndGlobalSection
	GlobalSection(ProjectConfigurationPlatforms) = postSolution
		{B5141BB6-8D7D-4320-A582-B5D8BEE8A08A}.Debug|Any CPU.ActiveCfg = Debug|Any CPU
		{B5141BB6-8D7D-4320-A582-B5D8BEE8A08A}.Debug|Any CPU.Build.0 = Debug|Any CPU
		{B5141BB6-8D7D-4320-A582-B5D8BEE8A08A}.Release|Any CPU.ActiveCfg = Release|Any CPU
		{B5141BB6-8D7D-4320-A582-B5D8BEE8A08A}.Release|Any CPU.Build.0 = Release|Any CPU
	EndGlobalSection
	GlobalSection(SolutionProperties) = preSolution
		HideSolutionNode = FALSE
	EndGlobalSection
	GlobalSection(ExtensibilityGlobals) = postSolution
		SolutionGuid = {3BB9465D-DB40-4757-BB8D-93D3B7B22FF8}
	EndGlobalSection
EndGlobal
